
Microsoft Visual Studio Solution File, Format Version 12.00
# Visual Studio Version 17
VisualStudioVersion = 17.11.35219.272
MinimumVisualStudioVersion = 10.0.40219.1
Project("{FAE04EC0-301F-11D3-BF4B-00C04F79EFBC}") = "Buscaminas", "Buscaminas\Buscaminas.csproj", "{B4CC62FF-0D52-463A-8D0C-98F0D6B28A8D}"
EndProject
Project("{FAE04EC0-301F-11D3-BF4B-00C04F79EFBC}") = "Logica", "Logica\Logica.csproj", "{94FEF272-CBF9-469D-A478-8CC7C6581547}"
EndProject
Global
	GlobalSection(SolutionConfigurationPlatforms) = preSolution
		Debug|Any CPU = Debug|Any CPU
		Release|Any CPU = Release|Any CPU
	EndGlobalSection
	GlobalSection(ProjectConfigurationPlatforms) = postSolution
		{B4CC62FF-0D52-463A-8D0C-98F0D6B28A8D}.Debug|Any CPU.ActiveCfg = Debug|Any CPU
		{B4CC62FF-0D52-463A-8D0C-98F0D6B28A8D}.Debug|Any CPU.Build.0 = Debug|Any CPU
		{B4CC62FF-0D52-463A-8D0C-98F0D6B28A8D}.Release|Any CPU.ActiveCfg = Release|Any CPU
		{B4CC62FF-0D52-463A-8D0C-98F0D6B28A8D}.Release|Any CPU.Build.0 = Release|Any CPU
		{94FEF272-CBF9-469D-A478-8CC7C6581547}.Debug|Any CPU.ActiveCfg = Debug|Any CPU
		{94FEF272-CBF9-469D-A478-8CC7C6581547}.Debug|Any CPU.Build.0 = Debug|Any CPU
		{94FEF272-CBF9-469D-A478-8CC7C6581547}.Release|Any CPU.ActiveCfg = Release|Any CPU
		{94FEF272-CBF9-469D-A478-8CC7C6581547}.Release|Any CPU.Build.0 = Release|Any CPU
	EndGlobalSection
	GlobalSection(SolutionProperties) = preSolution
		HideSolutionNode = FALSE
	EndGlobalSection
	GlobalSection(ExtensibilityGlobals) = postSolution
		SolutionGuid = {6ED8C98D-8504-4B15-893B-A5C4B14E86AD}
	EndGlobalSection
EndGlobal
